{
  "commit": "4398f3476899aa043b89242eebfc260429aab2e3",
  "working_tree_dirty": true,
  "untracked_paths": [
    ".claude/settings.json",
    "docs/agent-logs/",
    "docs/codemap/",
    "node_modules/",
    "openspec/changes/add-cbm-community-tool/",
    "pnpm-lock.yaml"
  ],
  "generated_at": "2026-08-04T23:05:05Z",
  "scanned_scope": [
    "cmd/gentle-ai",
    "internal/app",
    "internal/cli",
    "internal/reviewtransaction",
    "internal/components",
    "internal/tui",
    "internal/agents",
    "internal/sddstatus",
    "internal/update",
    "internal/model",
    "internal/system",
    "internal/assets",
    "internal/agentbuilder",
    "internal/recoverytrace",
    "internal/backup",
    "internal/planner",
    "internal/pipeline",
    "internal/catalog",
    "internal/pathidentity",
    "contracts/review-integration"
  ],
  "excluded_directories": [
    ".git",
    "node_modules",
    "dist",
    "bin",
    "build",
    "cache",
    ".engram",
    "openspec/changes",
    "openspec/specs",
    "skills",
    "docs (self, except codemap output)",
    "e2e (referenced as test evidence only, not a module node)",
    "testdata",
    "bench (separate benchmarking main, not included in this run's 20-node cap)",
    "internal/doctor",
    "internal/gofmtcheck",
    "internal/installcmd",
    "internal/opencode",
    "internal/pathquote",
    "internal/releasepolicy",
    "internal/releasepolicycmd",
    "internal/skillregistry",
    "internal/state",
    "internal/storage",
    "internal/verify",
    "internal/versions"
  ],
  "fingerprint_algorithm": "sha256(sorted(\"<tracked-file-path>:<sha256-hex-of-file-bytes>\" for each git-tracked file under module path), joined by newline, then sha256 of the joined string)",
  "modules": [
    { "id": "cmd_gentle_ai", "path": "cmd/gentle-ai", "status": "unchanged", "file_count": 1, "fingerprint": "7d199feddb06dbcbbb70df91e986fa66a3a859dc16c8c4add91e17d6d6596c1b" },
    { "id": "app", "path": "internal/app", "status": "unchanged", "file_count": 11, "fingerprint": "6e8fc81bb07b1fb24e87f858bf5ac068781136a9801896d45b4f87ea1c41153f" },
    { "id": "cli", "path": "internal/cli", "status": "unchanged", "file_count": 246, "fingerprint": "1a0fbb34e50ea5865192b599b68c5e33e36cc2a67faf22f34a912aa22934b4c9" },
    { "id": "reviewtransaction", "path": "internal/reviewtransaction", "status": "unchanged", "file_count": 210, "fingerprint": "63463ca778514a11d04281972030ef7b7cfa973823d7d1e74d519e39ca29e474" },
    { "id": "components", "path": "internal/components", "status": "unchanged", "file_count": 108, "fingerprint": "b4c93790b96b7fb361437f61168476461128704c44d8643af97b5225b3824545" },
    { "id": "tui", "path": "internal/tui", "status": "unchanged", "file_count": 96, "fingerprint": "168b4bf6d213b36f946c8cbf98e2e0746de9c7c8592caf30ec8a32d21ba2a820" },
    { "id": "agents", "path": "internal/agents", "status": "unchanged", "file_count": 53, "fingerprint": "827d87ad61938ca4f0a005ade8a9e9b89a70b2db7a6b23a4d98a576cc448cccb" },
    { "id": "sddstatus", "path": "internal/sddstatus", "status": "unchanged", "file_count": 48, "fingerprint": "08e33c4e2695a5355768af17cd4e44932245e498a3a94f9624efe46d83c66361" },
    { "id": "update", "path": "internal/update", "status": "unchanged", "file_count": 39, "fingerprint": "d9366788b8e12689623ea8d0f70c52b6a7d66b95825d714daa5fa8bee7469ec1" },
    { "id": "model", "path": "internal/model", "status": "unchanged", "file_count": 19, "fingerprint": "1f86289eff426e3f25b36bec2fcd78ab464cda12f202ac01f901fec82f967c0c" },
    { "id": "system", "path": "internal/system", "status": "unchanged", "file_count": 18, "fingerprint": "aed153d361527472f8fe8feae311e92a48ec65150045605d5e32129f7bbbb5bc" },
    { "id": "assets", "path": "internal/assets", "status": "unchanged", "file_count": 200, "fingerprint": "6ee292affdac69a7f7c5f24ee0054d29504dba4f83008b10156caafcf0d816bd" },
    { "id": "agentbuilder", "path": "internal/agentbuilder", "status": "unchanged", "file_count": 14, "fingerprint": "d2512587a2c2c11a43ebdde3a3caabee1e16c3d6278506c1771d780b9811ac02" },
    { "id": "recoverytrace", "path": "internal/recoverytrace", "status": "unchanged", "file_count": 10, "fingerprint": "910c0761128cd928cdc784bb421fa4d50c44caff5cdfa035c263ff83d2942e2f" },
    { "id": "backup", "path": "internal/backup", "status": "unchanged", "file_count": 10, "fingerprint": "3fd3217c662636472e08e1c23c14631e7d8cc85c6eb8076f4b9ebdb42ad514df" },
    { "id": "planner", "path": "internal/planner", "status": "unchanged", "file_count": 8, "fingerprint": "6adb6e487e2f7d20ee275fbaa680691b9180bd40c0c1ac1a02a23858c31750d5" },
    { "id": "pipeline", "path": "internal/pipeline", "status": "unchanged", "file_count": 6, "fingerprint": "f0d48055e6be4501524493520f46ed13338c413d275e892c2aa1a9383c2735ff" },
    { "id": "catalog", "path": "internal/catalog", "status": "unchanged", "file_count": 5, "fingerprint": "e9b470da186112076e7f184590c9044b34896afe3d89954372af906a90771ab7" },
    { "id": "pathidentity", "path": "internal/pathidentity", "status": "unchanged", "file_count": 2, "fingerprint": "7dbbfa2c4f92a3510426ae48541bac404b60c45e4f899ba1a1b1adfdf7c0a3e0" },
    { "id": "contracts_review_integration", "path": "contracts/review-integration", "status": "unchanged", "file_count": 72, "fingerprint": "3a3f277e5b2969f0d07b5649dc283fb5ac7178e8ecd328355ff0ccbde914ff89" }
  ],
  "note": "Rerun at same commit as prior lock (4398f347...); no tracked files under any scanned module path changed (git diff HEAD --stat against tracked files is empty), so all 20 modules recomputed to identical fingerprints and are classified 'unchanged'. Only this run's HTML visual design was regenerated; node/edge/flow content in codemap.json is unchanged apart from generated_at. internal/assets file_count (200) includes embedded asset text files (skills, commands) tracked alongside its 15 .go files."
}
